{
  "name": "ng-openlayers-lib",
  "version": "2.0.0",
  "lockfileVersion": 1,
  "requires": true,
  "dependencies": {
    "@openlayers/pepjs": {
      "version": "0.5.3",
      "resolved": "https://registry.npmjs.org/@openlayers/pepjs/-/pepjs-0.5.3.tgz",
      "integrity": "sha512-Bgvi5c14BS0FJWyYWWFstNEnXsB30nK8Jt8hkAAdqr7E0gDdBBWVDglF3Ub19wTxvgJ/CVHyTY6VuCtnyRzglg==",
      "dev": true
    },
    "@types/arcgis-rest-api": {
      "version": "10.4.4",
      "resolved": "https://registry.npmjs.org/@types/arcgis-rest-api/-/arcgis-rest-api-10.4.4.tgz",
      "integrity": "sha512-5NwSfj4po+03fauyr4F5AxYzu8pbbqmxay+pNr5ef2V3Mj+7OylvV48VKuVoO9m799jhZdH3EQgQBHm3Y6q1Sw==",
      "dev": true
    },
    "@types/geojson": {
      "version": "7946.0.7",
      "resolved": "https://registry.npmjs.org/@types/geojson/-/geojson-7946.0.7.tgz",
      "integrity": "sha512-wE2v81i4C4Ol09RtsWFAqg3BUitWbHSpSlIo+bNdsCJijO9sjme+zm+73ZMCa/qMC8UEERxzGbvmr1cffo2SiQ==",
      "dev": true
    },
    "@types/ol": {
      "version": "6.1.0",
      "resolved": "https://registry.npmjs.org/@types/ol/-/ol-6.1.0.tgz",
      "integrity": "sha512-NyaUqEq4k7/utn2NZt8JViHjLoKIRIrK4QhtB7tBwJTuMGlK16pALqX2uZuB3PuVYyYveL4loI0TRvD0Eqdk9g==",
      "dev": true,
      "requires": {
        "@types/arcgis-rest-api": "*",
        "@types/geojson": "*",
        "@types/topojson-specification": "*"
      }
    },
    "@types/topojson-specification": {
      "version": "1.0.1",
      "resolved": "https://registry.npmjs.org/@types/topojson-specification/-/topojson-specification-1.0.1.tgz",
      "integrity": "sha512-ZZYZUgkmUls9Uhxx2WZNt9f/h2+H3abUUjOVmq+AaaDFckC5oAwd+MDp95kBirk+XCXrYj0hfpI6DSUiJMrpYQ==",
      "dev": true,
      "requires": {
        "@types/geojson": "*"
      }
    },
    "ieee754": {
      "version": "1.1.13",
      "resolved": "https://registry.npmjs.org/ieee754/-/ieee754-1.1.13.tgz",
      "integrity": "sha512-4vf7I2LYV/HaWerSo3XmlMkp5eZ83i+/CDluXi/IGTs/O1sejBNhTtnxzmRZfvOUqj7lZjqHkeTvpgSFDlWZTg==",
      "dev": true
    },
    "mgrs": {
      "version": "1.0.0",
      "resolved": "https://registry.npmjs.org/mgrs/-/mgrs-1.0.0.tgz",
      "integrity": "sha1-+5FYjnjJACVnI5XLQLJffNatGCk=",
      "dev": true
    },
    "ol": {
      "version": "6.1.1",
      "resolved": "https://registry.npmjs.org/ol/-/ol-6.1.1.tgz",
      "integrity": "sha512-0dL3i3eJqgOpqIjDKEY3grkeQnjAYfV5L/JCxhOu4SxiaizRwFrFgeas6LILRoxKa03jhQFbut2r2bbgcLGQeA==",
      "dev": true,
      "requires": {
        "@openlayers/pepjs": "^0.5.3",
        "pbf": "3.2.1",
        "pixelworks": "1.1.0",
        "rbush": "^3.0.1"
      }
    },
    "pbf": {
      "version": "3.2.1",
      "resolved": "https://registry.npmjs.org/pbf/-/pbf-3.2.1.tgz",
      "integrity": "sha512-ClrV7pNOn7rtmoQVF4TS1vyU0WhYRnP92fzbfF75jAIwpnzdJXf8iTd4CMEqO4yUenH6NDqLiwjqlh6QgZzgLQ==",
      "dev": true,
      "requires": {
        "ieee754": "^1.1.12",
        "resolve-protobuf-schema": "^2.1.0"
      }
    },
    "pixelworks": {
      "version": "1.1.0",
      "resolved": "https://registry.npmjs.org/pixelworks/-/pixelworks-1.1.0.tgz",
      "integrity": "sha1-Hwla1I3Ki/ihyCWOAJIDGkTyLKU=",
      "dev": true
    },
    "proj4": {
      "version": "2.6.0",
      "resolved": "https://registry.npmjs.org/proj4/-/proj4-2.6.0.tgz",
      "integrity": "sha512-ll2WyehUFOyzEZtN8hAiOTmZpuDCN5V+4A/HjhPbhlwVwlsFKnIHSZ3l3uhzgDndHjoL2MyERFGe9VmXN4rYUg==",
      "dev": true,
      "requires": {
        "mgrs": "1.0.0",
        "wkt-parser": "^1.2.0"
      }
    },
    "protocol-buffers-schema": {
      "version": "3.3.2",
      "resolved": "https://registry.npmjs.org/protocol-buffers-schema/-/protocol-buffers-schema-3.3.2.tgz",
      "integrity": "sha512-Xdayp8sB/mU+sUV4G7ws8xtYMGdQnxbeIfLjyO9TZZRJdztBGhlmbI5x1qcY4TG5hBkIKGnc28i7nXxaugu88w==",
      "dev": true
    },
    "quickselect": {
      "version": "2.0.0",
      "resolved": "https://registry.npmjs.org/quickselect/-/quickselect-2.0.0.tgz",
      "integrity": "sha512-RKJ22hX8mHe3Y6wH/N3wCM6BWtjaxIyyUIkpHOvfFnxdI4yD4tBXEBKSbriGujF6jnSVkJrffuo6vxACiSSxIw==",
      "dev": true
    },
    "rbush": {
      "version": "3.0.1",
      "resolved": "https://registry.npmjs.org/rbush/-/rbush-3.0.1.tgz",
      "integrity": "sha512-XRaVO0YecOpEuIvbhbpTrZgoiI6xBlz6hnlr6EHhd+0x9ase6EmeN+hdwwUaJvLcsFFQ8iWVF1GAK1yB0BWi0w==",
      "dev": true,
      "requires": {
        "quickselect": "^2.0.0"
      }
    },
    "resolve-protobuf-schema": {
      "version": "2.1.0",
      "resolved": "https://registry.npmjs.org/resolve-protobuf-schema/-/resolve-protobuf-schema-2.1.0.tgz",
      "integrity": "sha512-kI5ffTiZWmJaS/huM8wZfEMer1eRd7oJQhDuxeCLe3t7N7mX3z94CN0xPxBQxFYQTSNz9T0i+v6inKqSdK8xrQ==",
      "dev": true,
      "requires": {
        "protocol-buffers-schema": "^3.3.1"
      }
    },
    "rxjs": {
      "version": "6.4.0",
      "resolved": "https://registry.npmjs.org/rxjs/-/rxjs-6.4.0.tgz",
      "integrity": "sha512-Z9Yfa11F6B9Sg/BK9MnqnQ+aQYicPLtilXBp2yUtDt2JRCE0h26d33EnfO3ZxoNxG0T92OUucP3Ct7cpfkdFfw==",
      "dev": true,
      "requires": {
        "tslib": "^1.9.0"
      }
    },
    "tslib": {
      "version": "1.10.0",
      "resolved": "https://registry.npmjs.org/tslib/-/tslib-1.10.0.tgz",
      "integrity": "sha512-qOebF53frne81cf0S9B41ByenJ3/IuH8yJKngAX35CmiZySA0khhkovshKK+jGCaMnVomla7gVlIcc3EvKPbTQ==",
      "dev": true
    },
    "wkt-parser": {
      "version": "1.2.3",
      "resolved": "https://registry.npmjs.org/wkt-parser/-/wkt-parser-1.2.3.tgz",
      "integrity": "sha512-s7zrOedGuHbbzMaQOuf8HacuCYp3LmmrHjkkN//7UEAzsYz7xJ6J+j/84ZWZkQcrRqi3xXyuc4odPHj7PEB0bw==",
      "dev": true
    }
  }
}
